
Microsoft Visual Studio Solution File, Format Version 12.00
# Visual Studio Version 16
VisualStudioVersion = 16.0.30523.141
MinimumVisualStudioVersion = 10.0.40219.1
Project("{9A19103F-16F7-4668-BE54-9A1E7A4F7556}") = "Task1", "Task1\Task1.csproj", "{AD6A0631-CBFB-43D9-8EAD-FBDC05E7CA4B}"
EndProject
Project("{FAE04EC0-301F-11D3-BF4B-00C04F79EFBC}") = "Task2", "Task2\Task2.csproj", "{563E7FBA-4350-4DAC-860F-19CA1B9AD139}"
EndProject
Project("{FAE04EC0-301F-11D3-BF4B-00C04F79EFBC}") = "Task3", "Task3\Task3.csproj", "{572B2FC5-ECAE-4A63-99E8-09CA64F58840}"
EndProject
Project("{FAE04EC0-301F-11D3-BF4B-00C04F79EFBC}") = "Task4", "Task4\Task4.csproj", "{C31C198A-B4CF-403F-8DE1-AA0BB30B100C}"
EndProject
Global
	GlobalSection(SolutionConfigurationPlatforms) = preSolution
		Debug|Any CPU = Debug|Any CPU
		Release|Any CPU = Release|Any CPU
	EndGlobalSection
	GlobalSection(ProjectConfigurationPlatforms) = postSolution
		{AD6A0631-CBFB-43D9-8EAD-FBDC05E7CA4B}.Debug|Any CPU.ActiveCfg = Debug|Any CPU
		{AD6A0631-CBFB-43D9-8EAD-FBDC05E7CA4B}.Debug|Any CPU.Build.0 = Debug|Any CPU
		{AD6A0631-CBFB-43D9-8EAD-FBDC05E7CA4B}.Release|Any CPU.ActiveCfg = Release|Any CPU
		{AD6A0631-CBFB-43D9-8EAD-FBDC05E7CA4B}.Release|Any CPU.Build.0 = Release|Any CPU
		{563E7FBA-4350-4DAC-860F-19CA1B9AD139}.Debug|Any CPU.ActiveCfg = Debug|Any CPU
		{563E7FBA-4350-4DAC-860F-19CA1B9AD139}.Debug|Any CPU.Build.0 = Debug|Any CPU
		{563E7FBA-4350-4DAC-860F-19CA1B9AD139}.Release|Any CPU.ActiveCfg = Release|Any CPU
		{563E7FBA-4350-4DAC-860F-19CA1B9AD139}.Release|Any CPU.Build.0 = Release|Any CPU
		{572B2FC5-ECAE-4A63-99E8-09CA64F58840}.Debug|Any CPU.ActiveCfg = Debug|Any CPU
		{572B2FC5-ECAE-4A63-99E8-09CA64F58840}.Debug|Any CPU.Build.0 = Debug|Any CPU
		{572B2FC5-ECAE-4A63-99E8-09CA64F58840}.Release|Any CPU.ActiveCfg = Release|Any CPU
		{572B2FC5-ECAE-4A63-99E8-09CA64F58840}.Release|Any CPU.Build.0 = Release|Any CPU
		{C31C198A-B4CF-403F-8DE1-AA0BB30B100C}.Debug|Any CPU.ActiveCfg = Debug|Any CPU
		{C31C198A-B4CF-403F-8DE1-AA0BB30B100C}.Debug|Any CPU.Build.0 = Debug|Any CPU
		{C31C198A-B4CF-403F-8DE1-AA0BB30B100C}.Release|Any CPU.ActiveCfg = Release|Any CPU
		{C31C198A-B4CF-403F-8DE1-AA0BB30B100C}.Release|Any CPU.Build.0 = Release|Any CPU
	EndGlobalSection
	GlobalSection(SolutionProperties) = preSolution
		HideSolutionNode = FALSE
	EndGlobalSection
	GlobalSection(ExtensibilityGlobals) = postSolution
		SolutionGuid = {27A02F86-EC6A-4DB5-80C1-989A0891AC88}
	EndGlobalSection
EndGlobal
