
Microsoft Visual Studio Solution File, Format Version 12.00
# Visual Studio Version 16
VisualStudioVersion = 16.0.31105.61
MinimumVisualStudioVersion = 10.0.40219.1
Project("{9A19103F-16F7-4668-BE54-9A1E7A4F7556}") = "Task1", "Task1\Task1.csproj", "{3BADB6FF-71FA-447E-A6C0-9D4AABDB7DC1}"
EndProject
Project("{FAE04EC0-301F-11D3-BF4B-00C04F79EFBC}") = "Task2", "Task2\Task2.csproj", "{A4A62197-8E49-4AF2-B998-0305A513DE4F}"
EndProject
Global
	GlobalSection(SolutionConfigurationPlatforms) = preSolution
		Debug|Any CPU = Debug|Any CPU
		Release|Any CPU = Release|Any CPU
	EndGlobalSection
	GlobalSection(ProjectConfigurationPlatforms) = postSolution
		{3BADB6FF-71FA-447E-A6C0-9D4AABDB7DC1}.Debug|Any CPU.ActiveCfg = Debug|Any CPU
		{3BADB6FF-71FA-447E-A6C0-9D4AABDB7DC1}.Debug|Any CPU.Build.0 = Debug|Any CPU
		{3BADB6FF-71FA-447E-A6C0-9D4AABDB7DC1}.Release|Any CPU.ActiveCfg = Release|Any CPU
		{3BADB6FF-71FA-447E-A6C0-9D4AABDB7DC1}.Release|Any CPU.Build.0 = Release|Any CPU
		{A4A62197-8E49-4AF2-B998-0305A513DE4F}.Debug|Any CPU.ActiveCfg = Debug|Any CPU
		{A4A62197-8E49-4AF2-B998-0305A513DE4F}.Debug|Any CPU.Build.0 = Debug|Any CPU
		{A4A62197-8E49-4AF2-B998-0305A513DE4F}.Release|Any CPU.ActiveCfg = Release|Any CPU
		{A4A62197-8E49-4AF2-B998-0305A513DE4F}.Release|Any CPU.Build.0 = Release|Any CPU
	EndGlobalSection
	GlobalSection(SolutionProperties) = preSolution
		HideSolutionNode = FALSE
	EndGlobalSection
	GlobalSection(ExtensibilityGlobals) = postSolution
		SolutionGuid = {19ED7BF7-97E0-4749-A638-0F58F80B04B8}
	EndGlobalSection
EndGlobal
