
Microsoft Visual Studio Solution File, Format Version 12.00
# Visual Studio Version 16
VisualStudioVersion = 16.0.30523.141
MinimumVisualStudioVersion = 10.0.40219.1
Project("{FAE04EC0-301F-11D3-BF4B-00C04F79EFBC}") = "Task1", "Task1\Task1.csproj", "{93039F00-97E2-4ECC-9140-F8B096411D26}"
EndProject
Project("{FAE04EC0-301F-11D3-BF4B-00C04F79EFBC}") = "Task2", "Task2\Task2.csproj", "{74566922-3A9A-4FE4-81F5-A57586D67D2A}"
EndProject
Global
	GlobalSection(SolutionConfigurationPlatforms) = preSolution
		Debug|Any CPU = Debug|Any CPU
		Release|Any CPU = Release|Any CPU
	EndGlobalSection
	GlobalSection(ProjectConfigurationPlatforms) = postSolution
		{93039F00-97E2-4ECC-9140-F8B096411D26}.Debug|Any CPU.ActiveCfg = Debug|Any CPU
		{93039F00-97E2-4ECC-9140-F8B096411D26}.Debug|Any CPU.Build.0 = Debug|Any CPU
		{93039F00-97E2-4ECC-9140-F8B096411D26}.Release|Any CPU.ActiveCfg = Release|Any CPU
		{93039F00-97E2-4ECC-9140-F8B096411D26}.Release|Any CPU.Build.0 = Release|Any CPU
		{74566922-3A9A-4FE4-81F5-A57586D67D2A}.Debug|Any CPU.ActiveCfg = Debug|Any CPU
		{74566922-3A9A-4FE4-81F5-A57586D67D2A}.Debug|Any CPU.Build.0 = Debug|Any CPU
		{74566922-3A9A-4FE4-81F5-A57586D67D2A}.Release|Any CPU.ActiveCfg = Release|Any CPU
		{74566922-3A9A-4FE4-81F5-A57586D67D2A}.Release|Any CPU.Build.0 = Release|Any CPU
	EndGlobalSection
	GlobalSection(SolutionProperties) = preSolution
		HideSolutionNode = FALSE
	EndGlobalSection
	GlobalSection(ExtensibilityGlobals) = postSolution
		SolutionGuid = {5F9DD08D-56FC-4752-94B5-D26E785C1145}
	EndGlobalSection
EndGlobal
