
Microsoft Visual Studio Solution File, Format Version 12.00
# Visual Studio Version 16
VisualStudioVersion = 16.0.31129.286
MinimumVisualStudioVersion = 10.0.40219.1
Project("{9A19103F-16F7-4668-BE54-9A1E7A4F7556}") = "PLL", "PLL\PLL.csproj", "{F6BEB6A8-AED7-474B-AFEC-F8D936D9111F}"
EndProject
Project("{9A19103F-16F7-4668-BE54-9A1E7A4F7556}") = "Department.BLL", "Department.BLL\Department.BLL.csproj", "{5CC66A06-0107-4095-AF28-F5E3AFFF85D3}"
EndProject
Project("{9A19103F-16F7-4668-BE54-9A1E7A4F7556}") = "Department.DAL", "Department.DAL\Department.DAL.csproj", "{AA289D12-27F7-4CCA-A1EE-69743C134CB4}"
EndProject
Project("{9A19103F-16F7-4668-BE54-9A1E7A4F7556}") = "Entities", "Entities\Entities.csproj", "{741D8235-4F10-45EA-B0F9-8769077743A0}"
EndProject
Global
	GlobalSection(SolutionConfigurationPlatforms) = preSolution
		Debug|Any CPU = Debug|Any CPU
		Release|Any CPU = Release|Any CPU
	EndGlobalSection
	GlobalSection(ProjectConfigurationPlatforms) = postSolution
		{F6BEB6A8-AED7-474B-AFEC-F8D936D9111F}.Debug|Any CPU.ActiveCfg = Debug|Any CPU
		{F6BEB6A8-AED7-474B-AFEC-F8D936D9111F}.Debug|Any CPU.Build.0 = Debug|Any CPU
		{F6BEB6A8-AED7-474B-AFEC-F8D936D9111F}.Release|Any CPU.ActiveCfg = Release|Any CPU
		{F6BEB6A8-AED7-474B-AFEC-F8D936D9111F}.Release|Any CPU.Build.0 = Release|Any CPU
		{5CC66A06-0107-4095-AF28-F5E3AFFF85D3}.Debug|Any CPU.ActiveCfg = Debug|Any CPU
		{5CC66A06-0107-4095-AF28-F5E3AFFF85D3}.Debug|Any CPU.Build.0 = Debug|Any CPU
		{5CC66A06-0107-4095-AF28-F5E3AFFF85D3}.Release|Any CPU.ActiveCfg = Release|Any CPU
		{5CC66A06-0107-4095-AF28-F5E3AFFF85D3}.Release|Any CPU.Build.0 = Release|Any CPU
		{AA289D12-27F7-4CCA-A1EE-69743C134CB4}.Debug|Any CPU.ActiveCfg = Debug|Any CPU
		{AA289D12-27F7-4CCA-A1EE-69743C134CB4}.Debug|Any CPU.Build.0 = Debug|Any CPU
		{AA289D12-27F7-4CCA-A1EE-69743C134CB4}.Release|Any CPU.ActiveCfg = Release|Any CPU
		{AA289D12-27F7-4CCA-A1EE-69743C134CB4}.Release|Any CPU.Build.0 = Release|Any CPU
		{741D8235-4F10-45EA-B0F9-8769077743A0}.Debug|Any CPU.ActiveCfg = Debug|Any CPU
		{741D8235-4F10-45EA-B0F9-8769077743A0}.Debug|Any CPU.Build.0 = Debug|Any CPU
		{741D8235-4F10-45EA-B0F9-8769077743A0}.Release|Any CPU.ActiveCfg = Release|Any CPU
		{741D8235-4F10-45EA-B0F9-8769077743A0}.Release|Any CPU.Build.0 = Release|Any CPU
	EndGlobalSection
	GlobalSection(SolutionProperties) = preSolution
		HideSolutionNode = FALSE
	EndGlobalSection
	GlobalSection(ExtensibilityGlobals) = postSolution
		SolutionGuid = {A2877A70-4EE0-4339-8877-DD570AD151E1}
	EndGlobalSection
EndGlobal
